{
  "version": 4,
  "terraform_version": "1.10.4",
  "serial": 87,
  "lineage": "a7dc78f1-547c-beda-87a8-e7db3b1ad371",
  "outputs": {},
  "resources": [
    {
      "mode": "managed",
      "type": "openstack_compute_instance_v2",
      "name": "loadbalancer",
      "provider": "provider[\"registry.terraform.io/terraform-provider-openstack/openstack\"]",
      "instances": [
        {
          "schema_version": 0,
          "attributes": {
            "access_ip_v4": "192.168.131.17",
            "access_ip_v6": "",
            "admin_pass": null,
            "all_metadata": {},
            "all_tags": [],
            "availability_zone": "nova",
            "availability_zone_hints": null,
            "block_device": [],
            "config_drive": null,
            "created": "2025-01-14 22:18:05 +0000 UTC",
            "flavor_id": "764f3bb4-8abb-4806-b21c-0910267b2dad",
            "flavor_name": "gx1.1c1r",
            "floating_ip": null,
            "force_delete": false,
            "id": "e0da79cf-a4b1-4c42-a625-bda0ff00c31f",
            "image_id": "db1bc18e-81e3-477e-9067-eecaa459ec33",
            "image_name": "Ubuntu Server 22.04 LTS (Jammy Jellyfish) amd64",
            "key_pair": "MasterKey",
            "metadata": null,
            "name": "Terraform loadbalancer",
            "network": [
              {
                "access_network": false,
                "fixed_ip_v4": "192.168.131.17",
                "fixed_ip_v6": "",
                "floating_ip": "",
                "mac": "fa:16:3e:a0:25:91",
                "name": "imt3003",
                "port": "",
                "uuid": ""
              }
            ],
            "network_mode": null,
            "personality": [],
            "power_state": "active",
            "region": "SkyHiGh",
            "scheduler_hints": [],
            "security_groups": [
              "default"
            ],
            "stop_before_destroy": false,
            "tags": null,
            "timeouts": null,
            "updated": "2025-01-14 22:18:21 +0000 UTC",
            "user_data": "bb8ac84ebab5814350fbb3b1c72c055dc67ae5ef",
            "vendor_options": [],
            "volume": []
          },
          "sensitive_attributes": [
            [
              {
                "type": "get_attr",
                "value": "admin_pass"
              }
            ]
          ],
          "private": "eyJlMmJmYjczMC1lY2FhLTExZTYtOGY4OC0zNDM2M2JjN2M0YzAiOnsiY3JlYXRlIjoxODAwMDAwMDAwMDAwLCJkZWxldGUiOjE4MDAwMDAwMDAwMDAsInVwZGF0ZSI6MTgwMDAwMDAwMDAwMH19",
          "dependencies": [
            "openstack_compute_instance_v2.webServer"
          ]
        }
      ]
    },
    {
      "mode": "managed",
      "type": "openstack_compute_instance_v2",
      "name": "webServer",
      "provider": "provider[\"registry.terraform.io/terraform-provider-openstack/openstack\"]",
      "instances": [
        {
          "index_key": 0,
          "schema_version": 0,
          "attributes": {
            "access_ip_v4": "192.168.129.94",
            "access_ip_v6": "",
            "admin_pass": null,
            "all_metadata": {
              "html": "PGh0bWwgbGFuZz0iZW4iPg0KPGhlYWQ+DQogICAgPG1ldGEgY2hhcnNldD0iVVRGLTgiPg0KICAgIDx0aXRsZT53d3cxPC90aXRsZT4NCjwvaGVhZD4NCjxib2R5Pg0KICAgIEhlbGxvIGZyb20gd3d3MSENCjwvYm9keT4NCjwvaHRtbD4=",
              "server_number": "1"
            },
            "all_tags": [],
            "availability_zone": "nova",
            "availability_zone_hints": null,
            "block_device": [],
            "config_drive": null,
            "created": "2025-01-14 22:17:28 +0000 UTC",
            "flavor_id": "764f3bb4-8abb-4806-b21c-0910267b2dad",
            "flavor_name": "gx1.1c1r",
            "floating_ip": null,
            "force_delete": false,
            "id": "82d69535-6985-443c-a434-1ce5ed220b5a",
            "image_id": "db1bc18e-81e3-477e-9067-eecaa459ec33",
            "image_name": "Ubuntu Server 22.04 LTS (Jammy Jellyfish) amd64",
            "key_pair": "MasterKey",
            "metadata": {
              "html": "PGh0bWwgbGFuZz0iZW4iPg0KPGhlYWQ+DQogICAgPG1ldGEgY2hhcnNldD0iVVRGLTgiPg0KICAgIDx0aXRsZT53d3cxPC90aXRsZT4NCjwvaGVhZD4NCjxib2R5Pg0KICAgIEhlbGxvIGZyb20gd3d3MSENCjwvYm9keT4NCjwvaHRtbD4=",
              "server_number": "1"
            },
            "name": "Terraform webserver1",
            "network": [
              {
                "access_network": false,
                "fixed_ip_v4": "192.168.129.94",
                "fixed_ip_v6": "",
                "floating_ip": "",
                "mac": "fa:16:3e:2f:f7:8f",
                "name": "imt3003",
                "port": "",
                "uuid": ""
              }
            ],
            "network_mode": null,
            "personality": [],
            "power_state": "active",
            "region": "SkyHiGh",
            "scheduler_hints": [],
            "security_groups": [
              "default"
            ],
            "stop_before_destroy": false,
            "tags": null,
            "timeouts": null,
            "updated": "2025-01-14 22:17:44 +0000 UTC",
            "user_data": "b4d1a1344e8221ce78ec0f5d5f835d4e9a9f623d",
            "vendor_options": [],
            "volume": []
          },
          "sensitive_attributes": [
            [
              {
                "type": "get_attr",
                "value": "admin_pass"
              }
            ]
          ],
          "private": "eyJlMmJmYjczMC1lY2FhLTExZTYtOGY4OC0zNDM2M2JjN2M0YzAiOnsiY3JlYXRlIjoxODAwMDAwMDAwMDAwLCJkZWxldGUiOjE4MDAwMDAwMDAwMDAsInVwZGF0ZSI6MTgwMDAwMDAwMDAwMH19"
        },
        {
          "index_key": 1,
          "schema_version": 0,
          "attributes": {
            "access_ip_v4": "192.168.130.236",
            "access_ip_v6": "",
            "admin_pass": null,
            "all_metadata": {
              "html": "PGh0bWwgbGFuZz0iZW4iPg0KPGhlYWQ+DQogICAgPG1ldGEgY2hhcnNldD0iVVRGLTgiPg0KICAgIDx0aXRsZT53d3cyPC90aXRsZT4NCjwvaGVhZD4NCjxib2R5Pg0KICAgIEhlbGxvIGZyb20gd3d3MiENCjwvYm9keT4NCjwvaHRtbD4=",
              "server_number": "2"
            },
            "all_tags": [],
            "availability_zone": "nova",
            "availability_zone_hints": null,
            "block_device": [],
            "config_drive": null,
            "created": "2025-01-14 22:17:28 +0000 UTC",
            "flavor_id": "764f3bb4-8abb-4806-b21c-0910267b2dad",
            "flavor_name": "gx1.1c1r",
            "floating_ip": null,
            "force_delete": false,
            "id": "59c03f03-3e83-4225-802a-2442ecd19c22",
            "image_id": "db1bc18e-81e3-477e-9067-eecaa459ec33",
            "image_name": "Ubuntu Server 22.04 LTS (Jammy Jellyfish) amd64",
            "key_pair": "MasterKey",
            "metadata": {
              "html": "PGh0bWwgbGFuZz0iZW4iPg0KPGhlYWQ+DQogICAgPG1ldGEgY2hhcnNldD0iVVRGLTgiPg0KICAgIDx0aXRsZT53d3cyPC90aXRsZT4NCjwvaGVhZD4NCjxib2R5Pg0KICAgIEhlbGxvIGZyb20gd3d3MiENCjwvYm9keT4NCjwvaHRtbD4=",
              "server_number": "2"
            },
            "name": "Terraform webserver2",
            "network": [
              {
                "access_network": false,
                "fixed_ip_v4": "192.168.130.236",
                "fixed_ip_v6": "",
                "floating_ip": "",
                "mac": "fa:16:3e:3d:12:6b",
                "name": "imt3003",
                "port": "",
                "uuid": ""
              }
            ],
            "network_mode": null,
            "personality": [],
            "power_state": "active",
            "region": "SkyHiGh",
            "scheduler_hints": [],
            "security_groups": [
              "default"
            ],
            "stop_before_destroy": false,
            "tags": null,
            "timeouts": null,
            "updated": "2025-01-14 22:17:51 +0000 UTC",
            "user_data": "b4d1a1344e8221ce78ec0f5d5f835d4e9a9f623d",
            "vendor_options": [],
            "volume": []
          },
          "sensitive_attributes": [
            [
              {
                "type": "get_attr",
                "value": "admin_pass"
              }
            ]
          ],
          "private": "eyJlMmJmYjczMC1lY2FhLTExZTYtOGY4OC0zNDM2M2JjN2M0YzAiOnsiY3JlYXRlIjoxODAwMDAwMDAwMDAwLCJkZWxldGUiOjE4MDAwMDAwMDAwMDAsInVwZGF0ZSI6MTgwMDAwMDAwMDAwMH19"
        }
      ]
    },
    {
      "mode": "managed",
      "type": "openstack_compute_keypair_v2",
      "name": "MasterKey",
      "provider": "provider[\"registry.terraform.io/terraform-provider-openstack/openstack\"]",
      "instances": [
        {
          "schema_version": 0,
          "attributes": {
            "fingerprint": "5d:2f:22:e6:76:64:6c:d1:6e:89:da:b4:87:7e:22:bd",
            "id": "MasterKey",
            "name": "MasterKey",
            "private_key": "",
            "public_key": "ssh-rsa AAAAB3NzaC1yc2EAAAADAQABAAABgQCVNydAMn4dCqfAK7T1iZjkrS4JEA9PGfqDOK6FR2BzfKmDh4karJtlX/cceYMBo/UOEdRwlFcU4UtBOX5mZBPrzowMGu2mca7aOcPmh2nHhcZRPqjDHMSpcGC6qW4h/H4zJfUmvgB7t0ZqCm/KybMFz5AiePp/YnEenSWcHwEIXCW7Uys9hIKgZ4IP8Opt/iNVFRBQzXuvcqLm7fckDspQ1S5qVOenP8/9ZlH/t6NZi7SrQpnxpqogwF8P3MRDi8b3LpQHvMlMkQZueahq/lu4uITD9Z7rI5EDPqXD3IDtL5Hq7XHJp28Tuh/LMtsSnK/52E3nDmcQD6juC29S2tc1cEv3bj8hA3Wqe4e6KJkvZ3M8zlH03p0pry0WoNQucqFCN1VU4N+h3R/Zm0jLaJNEiZ3bVPlB7fk7GSsHDR4RGNJ9UIY4dhXBrfkChv5+CzMUjCPrU4O+spYEg7pwuiXzNEbxyWx6/6CRnUz6vuH93zfT7EY147rDZYbsV2rp2Dc= ubuntu@manager",
            "region": "SkyHiGh",
            "user_id": "",
            "value_specs": null
          },
          "sensitive_attributes": [
            [
              {
                "type": "get_attr",
                "value": "private_key"
              }
            ]
          ],
          "private": "bnVsbA=="
        }
      ]
    }
  ],
  "check_results": null
}
