{
  "version": 4,
  "terraform_version": "1.9.5",
  "serial": 56,
  "lineage": "a7dc78f1-547c-beda-87a8-e7db3b1ad371",
  "outputs": {},
  "resources": [
    {
      "mode": "managed",
      "type": "openstack_compute_instance_v2",
      "name": "basic",
      "provider": "provider[\"registry.terraform.io/terraform-provider-openstack/openstack\"]",
      "instances": [
        {
          "schema_version": 0,
          "attributes": {
            "access_ip_v4": "192.168.129.187",
            "access_ip_v6": "",
            "admin_pass": null,
            "all_metadata": {},
            "all_tags": [],
            "availability_zone": "nova",
            "availability_zone_hints": null,
            "block_device": [],
            "config_drive": null,
            "created": "2025-01-14 20:23:39 +0000 UTC",
            "flavor_id": "764f3bb4-8abb-4806-b21c-0910267b2dad",
            "flavor_name": "gx1.1c1r",
            "floating_ip": null,
            "force_delete": false,
            "id": "a036b86a-d1fb-4504-b388-3974b99df624",
            "image_id": "db1bc18e-81e3-477e-9067-eecaa459ec33",
            "image_name": "Ubuntu Server 22.04 LTS (Jammy Jellyfish) amd64",
            "key_pair": "MasterKey",
            "metadata": null,
            "name": "Terraform loadbalancer",
            "network": [
              {
                "access_network": false,
                "fixed_ip_v4": "192.168.129.187",
                "fixed_ip_v6": "",
                "floating_ip": "",
                "mac": "fa:16:3e:ba:eb:4d",
                "name": "imt3003",
                "port": "",
                "uuid": ""
              }
            ],
            "network_mode": null,
            "personality": [],
            "power_state": "active",
            "region": "SkyHiGh",
            "scheduler_hints": [],
            "security_groups": [
              "default"
            ],
            "stop_before_destroy": false,
            "tags": null,
            "timeouts": null,
            "updated": "2025-01-14 20:23:55 +0000 UTC",
            "user_data": "aeaad88e1149a9c8398fe85be826f83069fbd560",
            "vendor_options": [],
            "volume": []
          },
          "sensitive_attributes": [
            [
              {
                "type": "get_attr",
                "value": "admin_pass"
              }
            ]
          ],
          "private": "eyJlMmJmYjczMC1lY2FhLTExZTYtOGY4OC0zNDM2M2JjN2M0YzAiOnsiY3JlYXRlIjoxODAwMDAwMDAwMDAwLCJkZWxldGUiOjE4MDAwMDAwMDAwMDAsInVwZGF0ZSI6MTgwMDAwMDAwMDAwMH19"
        }
      ]
    },
    {
      "mode": "managed",
      "type": "openstack_compute_instance_v2",
      "name": "webServer",
      "provider": "provider[\"registry.terraform.io/terraform-provider-openstack/openstack\"]",
      "instances": [
        {
          "index_key": 0,
          "schema_version": 0,
          "attributes": {
            "access_ip_v4": "192.168.133.77",
            "access_ip_v6": "",
            "admin_pass": null,
            "all_metadata": {},
            "all_tags": [],
            "availability_zone": "nova",
            "availability_zone_hints": null,
            "block_device": [],
            "config_drive": null,
            "created": "2025-01-14 18:43:50 +0000 UTC",
            "flavor_id": "764f3bb4-8abb-4806-b21c-0910267b2dad",
            "flavor_name": "gx1.1c1r",
            "floating_ip": null,
            "force_delete": false,
            "id": "f75ef03f-7c2e-4884-a355-f9f5fec107ad",
            "image_id": "db1bc18e-81e3-477e-9067-eecaa459ec33",
            "image_name": "Ubuntu Server 22.04 LTS (Jammy Jellyfish) amd64",
            "key_pair": "MasterKey",
            "metadata": null,
            "name": "Terraform webserver1",
            "network": [
              {
                "access_network": false,
                "fixed_ip_v4": "192.168.133.77",
                "fixed_ip_v6": "",
                "floating_ip": "",
                "mac": "fa:16:3e:bf:bf:f9",
                "name": "imt3003",
                "port": "",
                "uuid": "35fe8b76-cc31-4b48-b3f0-5c48eef8d289"
              }
            ],
            "network_mode": null,
            "personality": [],
            "power_state": "active",
            "region": "SkyHiGh",
            "scheduler_hints": [],
            "security_groups": [
              "default"
            ],
            "stop_before_destroy": false,
            "tags": [],
            "timeouts": null,
            "updated": "2025-01-14 18:44:16 +0000 UTC",
            "user_data": "93cac2767d330c364fec58b018331d2a23fda02d",
            "vendor_options": [],
            "volume": []
          },
          "sensitive_attributes": [
            [
              {
                "type": "get_attr",
                "value": "admin_pass"
              }
            ]
          ],
          "private": "eyJlMmJmYjczMC1lY2FhLTExZTYtOGY4OC0zNDM2M2JjN2M0YzAiOnsiY3JlYXRlIjoxODAwMDAwMDAwMDAwLCJkZWxldGUiOjE4MDAwMDAwMDAwMDAsInVwZGF0ZSI6MTgwMDAwMDAwMDAwMH19"
        },
        {
          "index_key": 1,
          "schema_version": 0,
          "attributes": {
            "access_ip_v4": "192.168.131.11",
            "access_ip_v6": "",
            "admin_pass": null,
            "all_metadata": {},
            "all_tags": [],
            "availability_zone": "nova",
            "availability_zone_hints": null,
            "block_device": [],
            "config_drive": null,
            "created": "2025-01-14 18:43:50 +0000 UTC",
            "flavor_id": "764f3bb4-8abb-4806-b21c-0910267b2dad",
            "flavor_name": "gx1.1c1r",
            "floating_ip": null,
            "force_delete": false,
            "id": "67b62dc7-1883-4a91-a273-7e4f707693cb",
            "image_id": "db1bc18e-81e3-477e-9067-eecaa459ec33",
            "image_name": "Ubuntu Server 22.04 LTS (Jammy Jellyfish) amd64",
            "key_pair": "MasterKey",
            "metadata": null,
            "name": "Terraform webserver2",
            "network": [
              {
                "access_network": false,
                "fixed_ip_v4": "192.168.131.11",
                "fixed_ip_v6": "",
                "floating_ip": "",
                "mac": "fa:16:3e:c3:01:54",
                "name": "imt3003",
                "port": "",
                "uuid": "35fe8b76-cc31-4b48-b3f0-5c48eef8d289"
              }
            ],
            "network_mode": null,
            "personality": [],
            "power_state": "active",
            "region": "SkyHiGh",
            "scheduler_hints": [],
            "security_groups": [
              "default"
            ],
            "stop_before_destroy": false,
            "tags": [],
            "timeouts": null,
            "updated": "2025-01-14 18:44:10 +0000 UTC",
            "user_data": "22f9a0123edda3e7aeb9131672a38bae727e8a47",
            "vendor_options": [],
            "volume": []
          },
          "sensitive_attributes": [
            [
              {
                "type": "get_attr",
                "value": "admin_pass"
              }
            ]
          ],
          "private": "eyJlMmJmYjczMC1lY2FhLTExZTYtOGY4OC0zNDM2M2JjN2M0YzAiOnsiY3JlYXRlIjoxODAwMDAwMDAwMDAwLCJkZWxldGUiOjE4MDAwMDAwMDAwMDAsInVwZGF0ZSI6MTgwMDAwMDAwMDAwMH19"
        }
      ]
    },
    {
      "mode": "managed",
      "type": "openstack_compute_keypair_v2",
      "name": "MasterKey",
      "provider": "provider[\"registry.terraform.io/terraform-provider-openstack/openstack\"]",
      "instances": [
        {
          "schema_version": 0,
          "attributes": {
            "fingerprint": "5d:2f:22:e6:76:64:6c:d1:6e:89:da:b4:87:7e:22:bd",
            "id": "MasterKey",
            "name": "MasterKey",
            "private_key": "",
            "public_key": "ssh-rsa AAAAB3NzaC1yc2EAAAADAQABAAABgQCVNydAMn4dCqfAK7T1iZjkrS4JEA9PGfqDOK6FR2BzfKmDh4karJtlX/cceYMBo/UOEdRwlFcU4UtBOX5mZBPrzowMGu2mca7aOcPmh2nHhcZRPqjDHMSpcGC6qW4h/H4zJfUmvgB7t0ZqCm/KybMFz5AiePp/YnEenSWcHwEIXCW7Uys9hIKgZ4IP8Opt/iNVFRBQzXuvcqLm7fckDspQ1S5qVOenP8/9ZlH/t6NZi7SrQpnxpqogwF8P3MRDi8b3LpQHvMlMkQZueahq/lu4uITD9Z7rI5EDPqXD3IDtL5Hq7XHJp28Tuh/LMtsSnK/52E3nDmcQD6juC29S2tc1cEv3bj8hA3Wqe4e6KJkvZ3M8zlH03p0pry0WoNQucqFCN1VU4N+h3R/Zm0jLaJNEiZ3bVPlB7fk7GSsHDR4RGNJ9UIY4dhXBrfkChv5+CzMUjCPrU4O+spYEg7pwuiXzNEbxyWx6/6CRnUz6vuH93zfT7EY147rDZYbsV2rp2Dc= ubuntu@manager",
            "region": "SkyHiGh",
            "user_id": "",
            "value_specs": null
          },
          "sensitive_attributes": [
            [
              {
                "type": "get_attr",
                "value": "private_key"
              }
            ]
          ],
          "private": "bnVsbA=="
        }
      ]
    }
  ],
  "check_results": null
}
