{
  "version": 4,
  "terraform_version": "1.10.4",
  "serial": 36,
  "lineage": "a7dc78f1-547c-beda-87a8-e7db3b1ad371",
  "outputs": {},
  "resources": [
    {
      "mode": "managed",
      "type": "openstack_compute_instance_v2",
      "name": "basic",
      "provider": "provider[\"registry.terraform.io/terraform-provider-openstack/openstack\"]",
      "instances": [
        {
          "schema_version": 0,
          "attributes": {
            "access_ip_v4": "192.168.131.166",
            "access_ip_v6": "",
            "admin_pass": null,
            "all_metadata": {},
            "all_tags": [],
            "availability_zone": "nova",
            "availability_zone_hints": null,
            "block_device": [],
            "config_drive": null,
            "created": "2025-01-14 15:44:46 +0000 UTC",
            "flavor_id": "764f3bb4-8abb-4806-b21c-0910267b2dad",
            "flavor_name": "gx1.1c1r",
            "floating_ip": null,
            "force_delete": false,
            "id": "88bc6313-2541-490f-9228-aeb9510d2f2e",
            "image_id": "db1bc18e-81e3-477e-9067-eecaa459ec33",
            "image_name": "Ubuntu Server 22.04 LTS (Jammy Jellyfish) amd64",
            "key_pair": "MasterKey",
            "metadata": null,
            "name": "Terraform loadbalancer",
            "network": [
              {
                "access_network": false,
                "fixed_ip_v4": "192.168.131.166",
                "fixed_ip_v6": "",
                "floating_ip": "",
                "mac": "fa:16:3e:98:91:35",
                "name": "imt3003",
                "port": "",
                "uuid": ""
              }
            ],
            "network_mode": null,
            "personality": [],
            "power_state": "active",
            "region": "SkyHiGh",
            "scheduler_hints": [],
            "security_groups": [
              "default"
            ],
            "stop_before_destroy": false,
            "tags": null,
            "timeouts": null,
            "updated": "2025-01-14 15:45:08 +0000 UTC",
            "user_data": "2df0bca46ad0c834e653ff2eb1ef3a9595170e48",
            "vendor_options": [],
            "volume": []
          },
          "sensitive_attributes": [
            [
              {
                "type": "get_attr",
                "value": "admin_pass"
              }
            ]
          ],
          "private": "eyJlMmJmYjczMC1lY2FhLTExZTYtOGY4OC0zNDM2M2JjN2M0YzAiOnsiY3JlYXRlIjoxODAwMDAwMDAwMDAwLCJkZWxldGUiOjE4MDAwMDAwMDAwMDAsInVwZGF0ZSI6MTgwMDAwMDAwMDAwMH19"
        }
      ]
    },
    {
      "mode": "managed",
      "type": "openstack_compute_keypair_v2",
      "name": "MasterKey",
      "provider": "provider[\"registry.terraform.io/terraform-provider-openstack/openstack\"]",
      "instances": [
        {
          "schema_version": 0,
          "attributes": {
            "fingerprint": "5d:2f:22:e6:76:64:6c:d1:6e:89:da:b4:87:7e:22:bd",
            "id": "MasterKey",
            "name": "MasterKey",
            "private_key": "",
            "public_key": "ssh-rsa AAAAB3NzaC1yc2EAAAADAQABAAABgQCVNydAMn4dCqfAK7T1iZjkrS4JEA9PGfqDOK6FR2BzfKmDh4karJtlX/cceYMBo/UOEdRwlFcU4UtBOX5mZBPrzowMGu2mca7aOcPmh2nHhcZRPqjDHMSpcGC6qW4h/H4zJfUmvgB7t0ZqCm/KybMFz5AiePp/YnEenSWcHwEIXCW7Uys9hIKgZ4IP8Opt/iNVFRBQzXuvcqLm7fckDspQ1S5qVOenP8/9ZlH/t6NZi7SrQpnxpqogwF8P3MRDi8b3LpQHvMlMkQZueahq/lu4uITD9Z7rI5EDPqXD3IDtL5Hq7XHJp28Tuh/LMtsSnK/52E3nDmcQD6juC29S2tc1cEv3bj8hA3Wqe4e6KJkvZ3M8zlH03p0pry0WoNQucqFCN1VU4N+h3R/Zm0jLaJNEiZ3bVPlB7fk7GSsHDR4RGNJ9UIY4dhXBrfkChv5+CzMUjCPrU4O+spYEg7pwuiXzNEbxyWx6/6CRnUz6vuH93zfT7EY147rDZYbsV2rp2Dc= ubuntu@manager",
            "region": "SkyHiGh",
            "user_id": "",
            "value_specs": null
          },
          "sensitive_attributes": [
            [
              {
                "type": "get_attr",
                "value": "private_key"
              }
            ]
          ],
          "private": "bnVsbA=="
        }
      ]
    }
  ],
  "check_results": null
}
